
Microsoft Visual Studio Solution File, Format Version 12.00
# Visual Studio Version 16
VisualStudioVersion = 16.0.31624.102
MinimumVisualStudioVersion = 10.0.40219.1
Project("{8BC9CEB8-8B4A-11D0-8D11-00A0C91BC942}") = "220627 Tetris_v1", "220627 Tetris_v1.vcxproj", "{D81ED8C2-C73E-45F7-ACFE-126D7F3463CF}"
EndProject
Global
	GlobalSection(SolutionConfigurationPlatforms) = preSolution
		Debug|x64 = Debug|x64
		Debug|x86 = Debug|x86
		Release|x64 = Release|x64
		Release|x86 = Release|x86
	EndGlobalSection
	GlobalSection(ProjectConfigurationPlatforms) = postSolution
		{D81ED8C2-C73E-45F7-ACFE-126D7F3463CF}.Debug|x64.ActiveCfg = Debug|x64
		{D81ED8C2-C73E-45F7-ACFE-126D7F3463CF}.Debug|x64.Build.0 = Debug|x64
		{D81ED8C2-C73E-45F7-ACFE-126D7F3463CF}.Debug|x86.ActiveCfg = Debug|Win32
		{D81ED8C2-C73E-45F7-ACFE-126D7F3463CF}.Debug|x86.Build.0 = Debug|Win32
		{D81ED8C2-C73E-45F7-ACFE-126D7F3463CF}.Release|x64.ActiveCfg = Release|x64
		{D81ED8C2-C73E-45F7-ACFE-126D7F3463CF}.Release|x64.Build.0 = Release|x64
		{D81ED8C2-C73E-45F7-ACFE-126D7F3463CF}.Release|x86.ActiveCfg = Release|Win32
		{D81ED8C2-C73E-45F7-ACFE-126D7F3463CF}.Release|x86.Build.0 = Release|Win32
	EndGlobalSection
	GlobalSection(SolutionProperties) = preSolution
		HideSolutionNode = FALSE
	EndGlobalSection
	GlobalSection(ExtensibilityGlobals) = postSolution
		SolutionGuid = {333402BC-6944-4BA7-8500-3090C87EE129}
	EndGlobalSection
EndGlobal
